
Microsoft Visual Studio Solution File, Format Version 12.00
# Visual Studio Version 17
VisualStudioVersion = 17.14.36616.10 d17.14
MinimumVisualStudioVersion = 10.0.40219.1
Project("{FAE04EC0-301F-11D3-BF4B-00C04F79EFBC}") = "MiniEditor", "MiniEditor\MiniEditor.csproj", "{C07F4F08-A8D1-4176-B388-48CCD035286D}"
EndProject
Global
	GlobalSection(SolutionConfigurationPlatforms) = preSolution
		Debug|Any CPU = Debug|Any CPU
		Release|Any CPU = Release|Any CPU
	EndGlobalSection
	GlobalSection(ProjectConfigurationPlatforms) = postSolution
		{C07F4F08-A8D1-4176-B388-48CCD035286D}.Debug|Any CPU.ActiveCfg = Debug|Any CPU
		{C07F4F08-A8D1-4176-B388-48CCD035286D}.Debug|Any CPU.Build.0 = Debug|Any CPU
		{C07F4F08-A8D1-4176-B388-48CCD035286D}.Release|Any CPU.ActiveCfg = Release|Any CPU
		{C07F4F08-A8D1-4176-B388-48CCD035286D}.Release|Any CPU.Build.0 = Release|Any CPU
	EndGlobalSection
	GlobalSection(SolutionProperties) = preSolution
		HideSolutionNode = FALSE
	EndGlobalSection
	GlobalSection(ExtensibilityGlobals) = postSolution
		SolutionGuid = {5DDBF31E-E9B4-4789-A438-0F76477D5212}
	EndGlobalSection
EndGlobal
